// !$*UTF8*$!
{
	archiveVersion = 1;
	classes = {
	};
	objectVersion = 55;
	objects = {

/* Begin PBXBuildFile section */
		8B7FAA53C83EA188CB2BDBF1 /* Pods_Walk_Win.framework in Frameworks */ = {isa = PBXBuildFile; fileRef = 847058B1A51E79A3DA158C4F /* Pods_Walk_Win.framework */; };
		E20E62F528B39E2C00F43460 /* MapKit.framework in Frameworks */ = {isa = PBXBuildFile; fileRef = E20E62F428B39E2C00F43460 /* MapKit.framework */; };
		E20E62F728B39E3200F43460 /* CoreLocation.framework in Frameworks */ = {isa = PBXBuildFile; fileRef = E20E62F628B39E3200F43460 /* CoreLocation.framework */; };
		E21A4F20288E50C00083458C /* AppDelegate.swift in Sources */ = {isa = PBXBuildFile; fileRef = E21A4F1F288E50C00083458C /* AppDelegate.swift */; };
		E21A4F22288E50C00083458C /* SceneDelegate.swift in Sources */ = {isa = PBXBuildFile; fileRef = E21A4F21288E50C00083458C /* SceneDelegate.swift */; };
		E21A4F29288E50C00083458C /* Assets.xcassets in Resources */ = {isa = PBXBuildFile; fileRef = E21A4F28288E50C00083458C /* Assets.xcassets */; };
		E21A4F2C288E50C00083458C /* LaunchScreen.storyboard in Resources */ = {isa = PBXBuildFile; fileRef = E21A4F2A288E50C00083458C /* LaunchScreen.storyboard */; };
		E22606A428AFA6E60080A5A9 /* HistoryCell.swift in Sources */ = {isa = PBXBuildFile; fileRef = E22606A328AFA6E60080A5A9 /* HistoryCell.swift */; };
		E234ABEC28C3C65400513955 /* ActivitiesModel.swift in Sources */ = {isa = PBXBuildFile; fileRef = E234ABEB28C3C65400513955 /* ActivitiesModel.swift */; };
		E23DCB7A28ACD35200D483FC /* Extensions+UIImageView.swift in Sources */ = {isa = PBXBuildFile; fileRef = E23DCB7928ACD35200D483FC /* Extensions+UIImageView.swift */; };
		E23DCB7C28ACDC8800D483FC /* LoginViewController.swift in Sources */ = {isa = PBXBuildFile; fileRef = E23DCB7B28ACDC8800D483FC /* LoginViewController.swift */; };
		E23DCB8028ACDD4500D483FC /* GradientManagement.swift in Sources */ = {isa = PBXBuildFile; fileRef = E23DCB7F28ACDD4500D483FC /* GradientManagement.swift */; };
		E250BEE428ACCFD0001D4DBD /* SplashScreenViewController.swift in Sources */ = {isa = PBXBuildFile; fileRef = E250BEE328ACCFD0001D4DBD /* SplashScreenViewController.swift */; };
		E250BEE828ACD06D001D4DBD /* Extensions+UIView.swift in Sources */ = {isa = PBXBuildFile; fileRef = E250BEE728ACD06D001D4DBD /* Extensions+UIView.swift */; };
		E258B47828B4CAFD00786F94 /* PaddingLabel.swift in Sources */ = {isa = PBXBuildFile; fileRef = E258B47728B4CAFD00786F94 /* PaddingLabel.swift */; };
		E28149F128AE1787007A0CF1 /* DashboardViewController.swift in Sources */ = {isa = PBXBuildFile; fileRef = E28149F028AE1787007A0CF1 /* DashboardViewController.swift */; };
		E29309F628B8D1DD008CDBC6 /* UserModel.swift in Sources */ = {isa = PBXBuildFile; fileRef = E29309F528B8D1DD008CDBC6 /* UserModel.swift */; };
		E29FA54128AEB140008F4454 /* SettingsViewController.swift in Sources */ = {isa = PBXBuildFile; fileRef = E29FA54028AEB13F008F4454 /* SettingsViewController.swift */; };
		E29FA54328AEB18E008F4454 /* HistoryViewController.swift in Sources */ = {isa = PBXBuildFile; fileRef = E29FA54228AEB18E008F4454 /* HistoryViewController.swift */; };
		E29FA54528AEB5EC008F4454 /* ActivityDetailsViewController.swift in Sources */ = {isa = PBXBuildFile; fileRef = E29FA54428AEB5EC008F4454 /* ActivityDetailsViewController.swift */; };
		E29FA54728AEBC22008F4454 /* NewActivityViewController.swift in Sources */ = {isa = PBXBuildFile; fileRef = E29FA54628AEBC22008F4454 /* NewActivityViewController.swift */; };
		E2A6029828C1E37800C4ADD3 /* NewActivityView.swift in Sources */ = {isa = PBXBuildFile; fileRef = E2A6029728C1E37800C4ADD3 /* NewActivityView.swift */; };
		E2CADCAB28AD061600648AB9 /* PopupWindowViewController.swift in Sources */ = {isa = PBXBuildFile; fileRef = E2CADCAA28AD061600648AB9 /* PopupWindowViewController.swift */; };
		E2CADCAD28AD064800648AB9 /* PopupView.swift in Sources */ = {isa = PBXBuildFile; fileRef = E2CADCAC28AD064800648AB9 /* PopupView.swift */; };
		E2CADCAF28AD071B00648AB9 /* Extensions+UIColor.swift in Sources */ = {isa = PBXBuildFile; fileRef = E2CADCAE28AD071B00648AB9 /* Extensions+UIColor.swift */; };
		E2D054BF28B65077004DF9DF /* GoogleService-Info.plist in Resources */ = {isa = PBXBuildFile; fileRef = E2D054BE28B65077004DF9DF /* GoogleService-Info.plist */; };
		E2DEF93E28C9D85D00F869DC /* WeatherModel.swift in Sources */ = {isa = PBXBuildFile; fileRef = E2DEF93D28C9D85D00F869DC /* WeatherModel.swift */; };
		E2E98D2C28AF659B00B3E642 /* DashboardCell.swift in Sources */ = {isa = PBXBuildFile; fileRef = E2E98D2B28AF659B00B3E642 /* DashboardCell.swift */; };
/* End PBXBuildFile section */

/* Begin PBXFileReference section */
		6C2964203CCE279B97E19B01 /* Pods-Walk&Win.release.xcconfig */ = {isa = PBXFileReference; includeInIndex = 1; lastKnownFileType = text.xcconfig; name = "Pods-Walk&Win.release.xcconfig"; path = "Target Support Files/Pods-Walk&Win/Pods-Walk&Win.release.xcconfig"; sourceTree = "<group>"; };
		847058B1A51E79A3DA158C4F /* Pods_Walk_Win.framework */ = {isa = PBXFileReference; explicitFileType = wrapper.framework; includeInIndex = 0; path = Pods_Walk_Win.framework; sourceTree = BUILT_PRODUCTS_DIR; };
		E20E62F428B39E2C00F43460 /* MapKit.framework */ = {isa = PBXFileReference; lastKnownFileType = wrapper.framework; name = MapKit.framework; path = System/Library/Frameworks/MapKit.framework; sourceTree = SDKROOT; };
		E20E62F628B39E3200F43460 /* CoreLocation.framework */ = {isa = PBXFileReference; lastKnownFileType = wrapper.framework; name = CoreLocation.framework; path = System/Library/Frameworks/CoreLocation.framework; sourceTree = SDKROOT; };
		E21A4F1C288E50C00083458C /* Walk&Win.app */ = {isa = PBXFileReference; explicitFileType = wrapper.application; includeInIndex = 0; path = "Walk&Win.app"; sourceTree = BUILT_PRODUCTS_DIR; };
		E21A4F1F288E50C00083458C /* AppDelegate.swift */ = {isa = PBXFileReference; lastKnownFileType = sourcecode.swift; path = AppDelegate.swift; sourceTree = "<group>"; };
		E21A4F21288E50C00083458C /* SceneDelegate.swift */ = {isa = PBXFileReference; lastKnownFileType = sourcecode.swift; path = SceneDelegate.swift; sourceTree = "<group>"; };
		E21A4F28288E50C00083458C /* Assets.xcassets */ = {isa = PBXFileReference; lastKnownFileType = folder.assetcatalog; path = Assets.xcassets; sourceTree = "<group>"; };
		E21A4F2B288E50C00083458C /* Base */ = {isa = PBXFileReference; lastKnownFileType = file.storyboard; name = Base; path = Base.lproj/LaunchScreen.storyboard; sourceTree = "<group>"; };
		E21A4F2D288E50C00083458C /* Info.plist */ = {isa = PBXFileReference; lastKnownFileType = text.plist.xml; path = Info.plist; sourceTree = "<group>"; };
		E22606A328AFA6E60080A5A9 /* HistoryCell.swift */ = {isa = PBXFileReference; lastKnownFileType = sourcecode.swift; path = HistoryCell.swift; sourceTree = "<group>"; };
		E234ABEB28C3C65400513955 /* ActivitiesModel.swift */ = {isa = PBXFileReference; lastKnownFileType = sourcecode.swift; path = ActivitiesModel.swift; sourceTree = "<group>"; };
		E23DCB7928ACD35200D483FC /* Extensions+UIImageView.swift */ = {isa = PBXFileReference; lastKnownFileType = sourcecode.swift; path = "Extensions+UIImageView.swift"; sourceTree = "<group>"; };
		E23DCB7B28ACDC8800D483FC /* LoginViewController.swift */ = {isa = PBXFileReference; lastKnownFileType = sourcecode.swift; path = LoginViewController.swift; sourceTree = "<group>"; };
		E23DCB7F28ACDD4500D483FC /* GradientManagement.swift */ = {isa = PBXFileReference; lastKnownFileType = sourcecode.swift; path = GradientManagement.swift; sourceTree = "<group>"; };
		E250BEE328ACCFD0001D4DBD /* SplashScreenViewController.swift */ = {isa = PBXFileReference; lastKnownFileType = sourcecode.swift; path = SplashScreenViewController.swift; sourceTree = "<group>"; };
		E250BEE728ACD06D001D4DBD /* Extensions+UIView.swift */ = {isa = PBXFileReference; lastKnownFileType = sourcecode.swift; path = "Extensions+UIView.swift"; sourceTree = "<group>"; };
		E258B47728B4CAFD00786F94 /* PaddingLabel.swift */ = {isa = PBXFileReference; lastKnownFileType = sourcecode.swift; path = PaddingLabel.swift; sourceTree = "<group>"; };
		E28149F028AE1787007A0CF1 /* DashboardViewController.swift */ = {isa = PBXFileReference; lastKnownFileType = sourcecode.swift; path = DashboardViewController.swift; sourceTree = "<group>"; };
		E29309F528B8D1DD008CDBC6 /* UserModel.swift */ = {isa = PBXFileReference; lastKnownFileType = sourcecode.swift; path = UserModel.swift; sourceTree = "<group>"; };
		E29FA54028AEB13F008F4454 /* SettingsViewController.swift */ = {isa = PBXFileReference; lastKnownFileType = sourcecode.swift; path = SettingsViewController.swift; sourceTree = "<group>"; };
		E29FA54228AEB18E008F4454 /* HistoryViewController.swift */ = {isa = PBXFileReference; lastKnownFileType = sourcecode.swift; path = HistoryViewController.swift; sourceTree = "<group>"; };
		E29FA54428AEB5EC008F4454 /* ActivityDetailsViewController.swift */ = {isa = PBXFileReference; lastKnownFileType = sourcecode.swift; path = ActivityDetailsViewController.swift; sourceTree = "<group>"; };
		E29FA54628AEBC22008F4454 /* NewActivityViewController.swift */ = {isa = PBXFileReference; lastKnownFileType = sourcecode.swift; path = NewActivityViewController.swift; sourceTree = "<group>"; };
		E2A6029728C1E37800C4ADD3 /* NewActivityView.swift */ = {isa = PBXFileReference; lastKnownFileType = sourcecode.swift; path = NewActivityView.swift; sourceTree = "<group>"; };
		E2CADCAA28AD061600648AB9 /* PopupWindowViewController.swift */ = {isa = PBXFileReference; lastKnownFileType = sourcecode.swift; name = PopupWindowViewController.swift; path = "Walk&Win/Controller/PopupWindowViewController.swift"; sourceTree = SOURCE_ROOT; };
		E2CADCAC28AD064800648AB9 /* PopupView.swift */ = {isa = PBXFileReference; lastKnownFileType = sourcecode.swift; path = PopupView.swift; sourceTree = "<group>"; };
		E2CADCAE28AD071B00648AB9 /* Extensions+UIColor.swift */ = {isa = PBXFileReference; lastKnownFileType = sourcecode.swift; path = "Extensions+UIColor.swift"; sourceTree = "<group>"; };
		E2D054BE28B65077004DF9DF /* GoogleService-Info.plist */ = {isa = PBXFileReference; fileEncoding = 4; lastKnownFileType = text.plist.xml; path = "GoogleService-Info.plist"; sourceTree = "<group>"; };
		E2DEF93D28C9D85D00F869DC /* WeatherModel.swift */ = {isa = PBXFileReference; lastKnownFileType = sourcecode.swift; path = WeatherModel.swift; sourceTree = "<group>"; };
		E2E98D2B28AF659B00B3E642 /* DashboardCell.swift */ = {isa = PBXFileReference; lastKnownFileType = sourcecode.swift; path = DashboardCell.swift; sourceTree = "<group>"; };
		F5CCBD7076ED75CC7446EF22 /* Pods-Walk&Win.debug.xcconfig */ = {isa = PBXFileReference; includeInIndex = 1; lastKnownFileType = text.xcconfig; name = "Pods-Walk&Win.debug.xcconfig"; path = "Target Support Files/Pods-Walk&Win/Pods-Walk&Win.debug.xcconfig"; sourceTree = "<group>"; };
/* End PBXFileReference section */

/* Begin PBXFrameworksBuildPhase section */
		E21A4F19288E50C00083458C /* Frameworks */ = {
			isa = PBXFrameworksBuildPhase;
			buildActionMask = 2147483647;
			files = (
				E20E62F728B39E3200F43460 /* CoreLocation.framework in Frameworks */,
				E20E62F528B39E2C00F43460 /* MapKit.framework in Frameworks */,
				8B7FAA53C83EA188CB2BDBF1 /* Pods_Walk_Win.framework in Frameworks */,
			);
			runOnlyForDeploymentPostprocessing = 0;
		};
/* End PBXFrameworksBuildPhase section */

/* Begin PBXGroup section */
		E20E62F328B39E2C00F43460 /* Frameworks */ = {
			isa = PBXGroup;
			children = (
				E20E62F628B39E3200F43460 /* CoreLocation.framework */,
				E20E62F428B39E2C00F43460 /* MapKit.framework */,
				847058B1A51E79A3DA158C4F /* Pods_Walk_Win.framework */,
			);
			name = Frameworks;
			sourceTree = "<group>";
		};
		E21A4F13288E50C00083458C = {
			isa = PBXGroup;
			children = (
				E21A4F1E288E50C00083458C /* Walk&Win */,
				E21A4F1D288E50C00083458C /* Products */,
				E20E62F328B39E2C00F43460 /* Frameworks */,
				F2B520698CDB25149186BB6B /* Pods */,
			);
			sourceTree = "<group>";
		};
		E21A4F1D288E50C00083458C /* Products */ = {
			isa = PBXGroup;
			children = (
				E21A4F1C288E50C00083458C /* Walk&Win.app */,
			);
			name = Products;
			sourceTree = "<group>";
		};
		E21A4F1E288E50C00083458C /* Walk&Win */ = {
			isa = PBXGroup;
			children = (
				E21A4F34288E515C0083458C /* Model */,
				E21A4F36288E516B0083458C /* ViewModel */,
				E21A4F39288E51E10083458C /* View */,
				E21A4F37288E51710083458C /* Controller */,
				E23DCB7D28ACDD0800D483FC /* Helpers */,
				E250BEE628ACD060001D4DBD /* Extensions */,
				E21A4F33288E510B0083458C /* AppResources */,
			);
			path = "Walk&Win";
			sourceTree = "<group>";
		};
		E21A4F33288E510B0083458C /* AppResources */ = {
			isa = PBXGroup;
			children = (
				E250BEE528ACD028001D4DBD /* Utilities */,
				E21A4F2A288E50C00083458C /* LaunchScreen.storyboard */,
				E21A4F2D288E50C00083458C /* Info.plist */,
				E2D054BE28B65077004DF9DF /* GoogleService-Info.plist */,
				E21A4F28288E50C00083458C /* Assets.xcassets */,
			);
			path = AppResources;
			sourceTree = "<group>";
		};
		E21A4F34288E515C0083458C /* Model */ = {
			isa = PBXGroup;
			children = (
				E29309F528B8D1DD008CDBC6 /* UserModel.swift */,
				E234ABEB28C3C65400513955 /* ActivitiesModel.swift */,
				E2DEF93D28C9D85D00F869DC /* WeatherModel.swift */,
			);
			path = Model;
			sourceTree = "<group>";
		};
		E21A4F36288E516B0083458C /* ViewModel */ = {
			isa = PBXGroup;
			children = (
			);
			path = ViewModel;
			sourceTree = "<group>";
		};
		E21A4F37288E51710083458C /* Controller */ = {
			isa = PBXGroup;
			children = (
				E250BEE328ACCFD0001D4DBD /* SplashScreenViewController.swift */,
				E23DCB7B28ACDC8800D483FC /* LoginViewController.swift */,
				E2CADCAA28AD061600648AB9 /* PopupWindowViewController.swift */,
				E28149F028AE1787007A0CF1 /* DashboardViewController.swift */,
				E29FA54028AEB13F008F4454 /* SettingsViewController.swift */,
				E29FA54228AEB18E008F4454 /* HistoryViewController.swift */,
				E29FA54428AEB5EC008F4454 /* ActivityDetailsViewController.swift */,
				E29FA54628AEBC22008F4454 /* NewActivityViewController.swift */,
			);
			path = Controller;
			sourceTree = "<group>";
		};
		E21A4F39288E51E10083458C /* View */ = {
			isa = PBXGroup;
			children = (
				E2A6029628C1E35600C4ADD3 /* Login */,
				E2A6029528C1E33900C4ADD3 /* ActivityDetails */,
				E2A6029428C1E32F00C4ADD3 /* NewActivity */,
				E2A6029328C1E32500C4ADD3 /* Popup */,
				E2E98D2A28AF657400B3E642 /* Cell */,
				E258B47728B4CAFD00786F94 /* PaddingLabel.swift */,
			);
			path = View;
			sourceTree = "<group>";
		};
		E23DCB7D28ACDD0800D483FC /* Helpers */ = {
			isa = PBXGroup;
			children = (
				E23DCB7E28ACDD1800D483FC /* Theme */,
			);
			path = Helpers;
			sourceTree = "<group>";
		};
		E23DCB7E28ACDD1800D483FC /* Theme */ = {
			isa = PBXGroup;
			children = (
				E23DCB7F28ACDD4500D483FC /* GradientManagement.swift */,
			);
			path = Theme;
			sourceTree = "<group>";
		};
		E250BEE528ACD028001D4DBD /* Utilities */ = {
			isa = PBXGroup;
			children = (
				E21A4F1F288E50C00083458C /* AppDelegate.swift */,
				E21A4F21288E50C00083458C /* SceneDelegate.swift */,
			);
			path = Utilities;
			sourceTree = "<group>";
		};
		E250BEE628ACD060001D4DBD /* Extensions */ = {
			isa = PBXGroup;
			children = (
				E250BEE728ACD06D001D4DBD /* Extensions+UIView.swift */,
				E23DCB7928ACD35200D483FC /* Extensions+UIImageView.swift */,
				E2CADCAE28AD071B00648AB9 /* Extensions+UIColor.swift */,
			);
			path = Extensions;
			sourceTree = "<group>";
		};
		E2A6029328C1E32500C4ADD3 /* Popup */ = {
			isa = PBXGroup;
			children = (
				E2CADCAC28AD064800648AB9 /* PopupView.swift */,
			);
			path = Popup;
			sourceTree = "<group>";
		};
		E2A6029428C1E32F00C4ADD3 /* NewActivity */ = {
			isa = PBXGroup;
			children = (
				E2A6029728C1E37800C4ADD3 /* NewActivityView.swift */,
			);
			path = NewActivity;
			sourceTree = "<group>";
		};
		E2A6029528C1E33900C4ADD3 /* ActivityDetails */ = {
			isa = PBXGroup;
			children = (
			);
			path = ActivityDetails;
			sourceTree = "<group>";
		};
		E2A6029628C1E35600C4ADD3 /* Login */ = {
			isa = PBXGroup;
			children = (
			);
			path = Login;
			sourceTree = "<group>";
		};
		E2E98D2A28AF657400B3E642 /* Cell */ = {
			isa = PBXGroup;
			children = (
				E2E98D2B28AF659B00B3E642 /* DashboardCell.swift */,
				E22606A328AFA6E60080A5A9 /* HistoryCell.swift */,
			);
			path = Cell;
			sourceTree = "<group>";
		};
		F2B520698CDB25149186BB6B /* Pods */ = {
			isa = PBXGroup;
			children = (
				F5CCBD7076ED75CC7446EF22 /* Pods-Walk&Win.debug.xcconfig */,
				6C2964203CCE279B97E19B01 /* Pods-Walk&Win.release.xcconfig */,
			);
			path = Pods;
			sourceTree = "<group>";
		};
/* End PBXGroup section */

/* Begin PBXNativeTarget section */
		E21A4F1B288E50C00083458C /* Walk&Win */ = {
			isa = PBXNativeTarget;
			buildConfigurationList = E21A4F30288E50C00083458C /* Build configuration list for PBXNativeTarget "Walk&Win" */;
			buildPhases = (
				5869D22C9C655B694EDB069E /* [CP] Check Pods Manifest.lock */,
				E21A4F18288E50C00083458C /* Sources */,
				E21A4F19288E50C00083458C /* Frameworks */,
				E21A4F1A288E50C00083458C /* Resources */,
				60193DD0D6CF42C51F80E0CF /* [CP] Embed Pods Frameworks */,
			);
			buildRules = (
			);
			dependencies = (
			);
			name = "Walk&Win";
			productName = "Walk&Win";
			productReference = E21A4F1C288E50C00083458C /* Walk&Win.app */;
			productType = "com.apple.product-type.application";
		};
/* End PBXNativeTarget section */

/* Begin PBXProject section */
		E21A4F14288E50C00083458C /* Project object */ = {
			isa = PBXProject;
			attributes = {
				BuildIndependentTargetsInParallel = 1;
				LastSwiftUpdateCheck = 1340;
				LastUpgradeCheck = 1340;
				TargetAttributes = {
					E21A4F1B288E50C00083458C = {
						CreatedOnToolsVersion = 13.4.1;
					};
				};
			};
			buildConfigurationList = E21A4F17288E50C00083458C /* Build configuration list for PBXProject "Walk&Win" */;
			compatibilityVersion = "Xcode 13.0";
			developmentRegion = en;
			hasScannedForEncodings = 0;
			knownRegions = (
				en,
				Base,
			);
			mainGroup = E21A4F13288E50C00083458C;
			productRefGroup = E21A4F1D288E50C00083458C /* Products */;
			projectDirPath = "";
			projectRoot = "";
			targets = (
				E21A4F1B288E50C00083458C /* Walk&Win */,
			);
		};
/* End PBXProject section */

/* Begin PBXResourcesBuildPhase section */
		E21A4F1A288E50C00083458C /* Resources */ = {
			isa = PBXResourcesBuildPhase;
			buildActionMask = 2147483647;
			files = (
				E21A4F2C288E50C00083458C /* LaunchScreen.storyboard in Resources */,
				E21A4F29288E50C00083458C /* Assets.xcassets in Resources */,
				E2D054BF28B65077004DF9DF /* GoogleService-Info.plist in Resources */,
			);
			runOnlyForDeploymentPostprocessing = 0;
		};
/* End PBXResourcesBuildPhase section */

/* Begin PBXShellScriptBuildPhase section */
		5869D22C9C655B694EDB069E /* [CP] Check Pods Manifest.lock */ = {
			isa = PBXShellScriptBuildPhase;
			buildActionMask = 2147483647;
			files = (
			);
			inputFileListPaths = (
			);
			inputPaths = (
				"${PODS_PODFILE_DIR_PATH}/Podfile.lock",
				"${PODS_ROOT}/Manifest.lock",
			);
			name = "[CP] Check Pods Manifest.lock";
			outputFileListPaths = (
			);
			outputPaths = (
				"$(DERIVED_FILE_DIR)/Pods-Walk&Win-checkManifestLockResult.txt",
			);
			runOnlyForDeploymentPostprocessing = 0;
			shellPath = /bin/sh;
			shellScript = "diff \"${PODS_PODFILE_DIR_PATH}/Podfile.lock\" \"${PODS_ROOT}/Manifest.lock\" > /dev/null\nif [ $? != 0 ] ; then\n    # print error to STDERR\n    echo \"error: The sandbox is not in sync with the Podfile.lock. Run 'pod install' or update your CocoaPods installation.\" >&2\n    exit 1\nfi\n# This output is used by Xcode 'outputs' to avoid re-running this script phase.\necho \"SUCCESS\" > \"${SCRIPT_OUTPUT_FILE_0}\"\n";
			showEnvVarsInLog = 0;
		};
		60193DD0D6CF42C51F80E0CF /* [CP] Embed Pods Frameworks */ = {
			isa = PBXShellScriptBuildPhase;
			buildActionMask = 2147483647;
			files = (
			);
			inputFileListPaths = (
				"${PODS_ROOT}/Target Support Files/Pods-Walk&Win/Pods-Walk&Win-frameworks-${CONFIGURATION}-input-files.xcfilelist",
			);
			name = "[CP] Embed Pods Frameworks";
			outputFileListPaths = (
				"${PODS_ROOT}/Target Support Files/Pods-Walk&Win/Pods-Walk&Win-frameworks-${CONFIGURATION}-output-files.xcfilelist",
			);
			runOnlyForDeploymentPostprocessing = 0;
			shellPath = /bin/sh;
			shellScript = "\"${PODS_ROOT}/Target Support Files/Pods-Walk&Win/Pods-Walk&Win-frameworks.sh\"\n";
			showEnvVarsInLog = 0;
		};
/* End PBXShellScriptBuildPhase section */

/* Begin PBXSourcesBuildPhase section */
		E21A4F18288E50C00083458C /* Sources */ = {
			isa = PBXSourcesBuildPhase;
			buildActionMask = 2147483647;
			files = (
				E2CADCAD28AD064800648AB9 /* PopupView.swift in Sources */,
				E23DCB7C28ACDC8800D483FC /* LoginViewController.swift in Sources */,
				E21A4F20288E50C00083458C /* AppDelegate.swift in Sources */,
				E21A4F22288E50C00083458C /* SceneDelegate.swift in Sources */,
				E29FA54528AEB5EC008F4454 /* ActivityDetailsViewController.swift in Sources */,
				E29FA54328AEB18E008F4454 /* HistoryViewController.swift in Sources */,
				E258B47828B4CAFD00786F94 /* PaddingLabel.swift in Sources */,
				E22606A428AFA6E60080A5A9 /* HistoryCell.swift in Sources */,
				E2E98D2C28AF659B00B3E642 /* DashboardCell.swift in Sources */,
				E250BEE828ACD06D001D4DBD /* Extensions+UIView.swift in Sources */,
				E2DEF93E28C9D85D00F869DC /* WeatherModel.swift in Sources */,
				E23DCB7A28ACD35200D483FC /* Extensions+UIImageView.swift in Sources */,
				E2CADCAB28AD061600648AB9 /* PopupWindowViewController.swift in Sources */,
				E250BEE428ACCFD0001D4DBD /* SplashScreenViewController.swift in Sources */,
				E28149F128AE1787007A0CF1 /* DashboardViewController.swift in Sources */,
				E23DCB8028ACDD4500D483FC /* GradientManagement.swift in Sources */,
				E2CADCAF28AD071B00648AB9 /* Extensions+UIColor.swift in Sources */,
				E29FA54128AEB140008F4454 /* SettingsViewController.swift in Sources */,
				E29FA54728AEBC22008F4454 /* NewActivityViewController.swift in Sources */,
				E2A6029828C1E37800C4ADD3 /* NewActivityView.swift in Sources */,
				E29309F628B8D1DD008CDBC6 /* UserModel.swift in Sources */,
				E234ABEC28C3C65400513955 /* ActivitiesModel.swift in Sources */,
			);
			runOnlyForDeploymentPostprocessing = 0;
		};
/* End PBXSourcesBuildPhase section */

/* Begin PBXVariantGroup section */
		E21A4F2A288E50C00083458C /* LaunchScreen.storyboard */ = {
			isa = PBXVariantGroup;
			children = (
				E21A4F2B288E50C00083458C /* Base */,
			);
			name = LaunchScreen.storyboard;
			sourceTree = "<group>";
		};
/* End PBXVariantGroup section */

/* Begin XCBuildConfiguration section */
		E21A4F2E288E50C00083458C /* Debug */ = {
			isa = XCBuildConfiguration;
			buildSettings = {
				ALWAYS_SEARCH_USER_PATHS = NO;
				CLANG_ANALYZER_NONNULL = YES;
				CLANG_ANALYZER_NUMBER_OBJECT_CONVERSION = YES_AGGRESSIVE;
				CLANG_CXX_LANGUAGE_STANDARD = "gnu++17";
				CLANG_ENABLE_MODULES = YES;
				CLANG_ENABLE_OBJC_ARC = YES;
				CLANG_ENABLE_OBJC_WEAK = YES;
				CLANG_WARN_BLOCK_CAPTURE_AUTORELEASING = YES;
				CLANG_WARN_BOOL_CONVERSION = YES;
				CLANG_WARN_COMMA = YES;
				CLANG_WARN_CONSTANT_CONVERSION = YES;
				CLANG_WARN_DEPRECATED_OBJC_IMPLEMENTATIONS = YES;
				CLANG_WARN_DIRECT_OBJC_ISA_USAGE = YES_ERROR;
				CLANG_WARN_DOCUMENTATION_COMMENTS = YES;
				CLANG_WARN_EMPTY_BODY = YES;
				CLANG_WARN_ENUM_CONVERSION = YES;
				CLANG_WARN_INFINITE_RECURSION = YES;
				CLANG_WARN_INT_CONVERSION = YES;
				CLANG_WARN_NON_LITERAL_NULL_CONVERSION = YES;
				CLANG_WARN_OBJC_IMPLICIT_RETAIN_SELF = YES;
				CLANG_WARN_OBJC_LITERAL_CONVERSION = YES;
				CLANG_WARN_OBJC_ROOT_CLASS = YES_ERROR;
				CLANG_WARN_QUOTED_INCLUDE_IN_FRAMEWORK_HEADER = YES;
				CLANG_WARN_RANGE_LOOP_ANALYSIS = YES;
				CLANG_WARN_STRICT_PROTOTYPES = YES;
				CLANG_WARN_SUSPICIOUS_MOVE = YES;
				CLANG_WARN_UNGUARDED_AVAILABILITY = YES_AGGRESSIVE;
				CLANG_WARN_UNREACHABLE_CODE = YES;
				CLANG_WARN__DUPLICATE_METHOD_MATCH = YES;
				COPY_PHASE_STRIP = NO;
				DEBUG_INFORMATION_FORMAT = dwarf;
				ENABLE_STRICT_OBJC_MSGSEND = YES;
				ENABLE_TESTABILITY = YES;
				GCC_C_LANGUAGE_STANDARD = gnu11;
				GCC_DYNAMIC_NO_PIC = NO;
				GCC_NO_COMMON_BLOCKS = YES;
				GCC_OPTIMIZATION_LEVEL = 0;
				GCC_PREPROCESSOR_DEFINITIONS = (
					"DEBUG=1",
					"$(inherited)",
				);
				GCC_WARN_64_TO_32_BIT_CONVERSION = YES;
				GCC_WARN_ABOUT_RETURN_TYPE = YES_ERROR;
				GCC_WARN_UNDECLARED_SELECTOR = YES;
				GCC_WARN_UNINITIALIZED_AUTOS = YES_AGGRESSIVE;
				GCC_WARN_UNUSED_FUNCTION = YES;
				GCC_WARN_UNUSED_VARIABLE = YES;
				IPHONEOS_DEPLOYMENT_TARGET = 13.0;
				MTL_ENABLE_DEBUG_INFO = INCLUDE_SOURCE;
				MTL_FAST_MATH = YES;
				ONLY_ACTIVE_ARCH = YES;
				SDKROOT = iphoneos;
				SWIFT_ACTIVE_COMPILATION_CONDITIONS = DEBUG;
				SWIFT_OPTIMIZATION_LEVEL = "-Onone";
			};
			name = Debug;
		};
		E21A4F2F288E50C00083458C /* Release */ = {
			isa = XCBuildConfiguration;
			buildSettings = {
				ALWAYS_SEARCH_USER_PATHS = NO;
				CLANG_ANALYZER_NONNULL = YES;
				CLANG_ANALYZER_NUMBER_OBJECT_CONVERSION = YES_AGGRESSIVE;
				CLANG_CXX_LANGUAGE_STANDARD = "gnu++17";
				CLANG_ENABLE_MODULES = YES;
				CLANG_ENABLE_OBJC_ARC = YES;
				CLANG_ENABLE_OBJC_WEAK = YES;
				CLANG_WARN_BLOCK_CAPTURE_AUTORELEASING = YES;
				CLANG_WARN_BOOL_CONVERSION = YES;
				CLANG_WARN_COMMA = YES;
				CLANG_WARN_CONSTANT_CONVERSION = YES;
				CLANG_WARN_DEPRECATED_OBJC_IMPLEMENTATIONS = YES;
				CLANG_WARN_DIRECT_OBJC_ISA_USAGE = YES_ERROR;
				CLANG_WARN_DOCUMENTATION_COMMENTS = YES;
				CLANG_WARN_EMPTY_BODY = YES;
				CLANG_WARN_ENUM_CONVERSION = YES;
				CLANG_WARN_INFINITE_RECURSION = YES;
				CLANG_WARN_INT_CONVERSION = YES;
				CLANG_WARN_NON_LITERAL_NULL_CONVERSION = YES;
				CLANG_WARN_OBJC_IMPLICIT_RETAIN_SELF = YES;
				CLANG_WARN_OBJC_LITERAL_CONVERSION = YES;
				CLANG_WARN_OBJC_ROOT_CLASS = YES_ERROR;
				CLANG_WARN_QUOTED_INCLUDE_IN_FRAMEWORK_HEADER = YES;
				CLANG_WARN_RANGE_LOOP_ANALYSIS = YES;
				CLANG_WARN_STRICT_PROTOTYPES = YES;
				CLANG_WARN_SUSPICIOUS_MOVE = YES;
				CLANG_WARN_UNGUARDED_AVAILABILITY = YES_AGGRESSIVE;
				CLANG_WARN_UNREACHABLE_CODE = YES;
				CLANG_WARN__DUPLICATE_METHOD_MATCH = YES;
				COPY_PHASE_STRIP = NO;
				DEBUG_INFORMATION_FORMAT = "dwarf-with-dsym";
				ENABLE_NS_ASSERTIONS = NO;
				ENABLE_STRICT_OBJC_MSGSEND = YES;
				GCC_C_LANGUAGE_STANDARD = gnu11;
				GCC_NO_COMMON_BLOCKS = YES;
				GCC_WARN_64_TO_32_BIT_CONVERSION = YES;
				GCC_WARN_ABOUT_RETURN_TYPE = YES_ERROR;
				GCC_WARN_UNDECLARED_SELECTOR = YES;
				GCC_WARN_UNINITIALIZED_AUTOS = YES_AGGRESSIVE;
				GCC_WARN_UNUSED_FUNCTION = YES;
				GCC_WARN_UNUSED_VARIABLE = YES;
				IPHONEOS_DEPLOYMENT_TARGET = 13.0;
				MTL_ENABLE_DEBUG_INFO = NO;
				MTL_FAST_MATH = YES;
				SDKROOT = iphoneos;
				SWIFT_COMPILATION_MODE = wholemodule;
				SWIFT_OPTIMIZATION_LEVEL = "-O";
				VALIDATE_PRODUCT = YES;
			};
			name = Release;
		};
		E21A4F31288E50C00083458C /* Debug */ = {
			isa = XCBuildConfiguration;
			baseConfigurationReference = F5CCBD7076ED75CC7446EF22 /* Pods-Walk&Win.debug.xcconfig */;
			buildSettings = {
				ASSETCATALOG_COMPILER_APPICON_NAME = AppIcon;
				ASSETCATALOG_COMPILER_GLOBAL_ACCENT_COLOR_NAME = AccentColor;
				CODE_SIGN_STYLE = Automatic;
				CURRENT_PROJECT_VERSION = 1;
				DEVELOPMENT_TEAM = 7P2N9C488P;
				GENERATE_INFOPLIST_FILE = YES;
				INFOPLIST_FILE = "Walk&Win/AppResources/Info.plist";
				INFOPLIST_KEY_UIApplicationSupportsIndirectInputEvents = YES;
				INFOPLIST_KEY_UILaunchStoryboardName = LaunchScreen;
				INFOPLIST_KEY_UISupportedInterfaceOrientations_iPad = "UIInterfaceOrientationPortrait UIInterfaceOrientationPortraitUpsideDown UIInterfaceOrientationLandscapeLeft UIInterfaceOrientationLandscapeRight";
				INFOPLIST_KEY_UISupportedInterfaceOrientations_iPhone = "UIInterfaceOrientationPortrait UIInterfaceOrientationLandscapeLeft UIInterfaceOrientationLandscapeRight";
				IPHONEOS_DEPLOYMENT_TARGET = 13.0;
				LD_RUNPATH_SEARCH_PATHS = (
					"$(inherited)",
					"@executable_path/Frameworks",
				);
				MARKETING_VERSION = 1.0;
				PRODUCT_BUNDLE_IDENTIFIER = "myzk.Walk-Win";
				PRODUCT_NAME = "$(TARGET_NAME)";
				SWIFT_EMIT_LOC_STRINGS = YES;
				SWIFT_VERSION = 5.0;
				TARGETED_DEVICE_FAMILY = 1;
			};
			name = Debug;
		};
		E21A4F32288E50C00083458C /* Release */ = {
			isa = XCBuildConfiguration;
			baseConfigurationReference = 6C2964203CCE279B97E19B01 /* Pods-Walk&Win.release.xcconfig */;
			buildSettings = {
				ASSETCATALOG_COMPILER_APPICON_NAME = AppIcon;
				ASSETCATALOG_COMPILER_GLOBAL_ACCENT_COLOR_NAME = AccentColor;
				CODE_SIGN_STYLE = Automatic;
				CURRENT_PROJECT_VERSION = 1;
				DEVELOPMENT_TEAM = 7P2N9C488P;
				GENERATE_INFOPLIST_FILE = YES;
				INFOPLIST_FILE = "Walk&Win/AppResources/Info.plist";
				INFOPLIST_KEY_UIApplicationSupportsIndirectInputEvents = YES;
				INFOPLIST_KEY_UILaunchStoryboardName = LaunchScreen;
				INFOPLIST_KEY_UISupportedInterfaceOrientations_iPad = "UIInterfaceOrientationPortrait UIInterfaceOrientationPortraitUpsideDown UIInterfaceOrientationLandscapeLeft UIInterfaceOrientationLandscapeRight";
				INFOPLIST_KEY_UISupportedInterfaceOrientations_iPhone = "UIInterfaceOrientationPortrait UIInterfaceOrientationLandscapeLeft UIInterfaceOrientationLandscapeRight";
				IPHONEOS_DEPLOYMENT_TARGET = 13.0;
				LD_RUNPATH_SEARCH_PATHS = (
					"$(inherited)",
					"@executable_path/Frameworks",
				);
				MARKETING_VERSION = 1.0;
				PRODUCT_BUNDLE_IDENTIFIER = "myzk.Walk-Win";
				PRODUCT_NAME = "$(TARGET_NAME)";
				SWIFT_EMIT_LOC_STRINGS = YES;
				SWIFT_VERSION = 5.0;
				TARGETED_DEVICE_FAMILY = 1;
			};
			name = Release;
		};
/* End XCBuildConfiguration section */

/* Begin XCConfigurationList section */
		E21A4F17288E50C00083458C /* Build configuration list for PBXProject "Walk&Win" */ = {
			isa = XCConfigurationList;
			buildConfigurations = (
				E21A4F2E288E50C00083458C /* Debug */,
				E21A4F2F288E50C00083458C /* Release */,
			);
			defaultConfigurationIsVisible = 0;
			defaultConfigurationName = Release;
		};
		E21A4F30288E50C00083458C /* Build configuration list for PBXNativeTarget "Walk&Win" */ = {
			isa = XCConfigurationList;
			buildConfigurations = (
				E21A4F31288E50C00083458C /* Debug */,
				E21A4F32288E50C00083458C /* Release */,
			);
			defaultConfigurationIsVisible = 0;
			defaultConfigurationName = Release;
		};
/* End XCConfigurationList section */
	};
	rootObject = E21A4F14288E50C00083458C /* Project object */;
}
